# This file is autogenerated, do not edit; changes may be undone by the next 'dep ensure'.


[[projects]]
  name = "github.com/DavidCai1993/request"
  packages = ["."]
  revision = "215ce0101b8fb3d720bfa65234b1d66812ed8d73"
  version = "1.6.0"

[[projects]]
  name = "github.com/davecgh/go-spew"
  packages = ["spew"]
  revision = "346938d642f2ec3594ed81d874461961cd0faa76"
  version = "v1.1.0"

[[projects]]
  name = "github.com/go-http-utils/cookie"
  packages = ["."]
  revision = "cec93ca06c56955e7a2b993f73b55da1cb45296c"
  version = "v1.2.1"

[[projects]]
  name = "github.com/go-http-utils/headers"
  packages = ["."]
  revision = "dd89efed167473dab56959bdfdbfdfed9519f80b"
  version = "1.0.0"

[[projects]]
  name = "github.com/go-http-utils/negotiator"
  packages = ["."]
  revision = "dba3794a997e423e032796131331cce008c3a427"
  version = "v1.0.0"

[[projects]]
  name = "github.com/pmezard/go-difflib"
  packages = ["difflib"]
  revision = "792786c7400a136282c1664665ae0a8db921c6c2"
  version = "v1.0.0"

[[projects]]
  name = "github.com/stretchr/testify"
  packages = ["assert"]
  revision = "69483b4bd14f5845b5a1e55bca19e954e827f1d0"
  version = "v1.1.4"

[[projects]]
  name = "github.com/teambition/gear"
  packages = [".","logging","middleware/favicon"]
  revision = "57631ddd798b314f56035298d4383550c5d74fdb"
  version = "v1.7.12"

[[projects]]
  name = "github.com/teambition/trie-mux"
  packages = ["."]
  revision = "ef3dc10d4a6ab1d014a20b7971d96c9db86b27a5"
  version = "v1.4.1"

[[projects]]
  branch = "master"
  name = "github.com/wangtuanjie/ip17mon"
  packages = ["."]
  revision = "e840a340a3a1cbb3b58026bdbc01468650613c9a"

[[projects]]
  branch = "master"
  name = "golang.org/x/net"
  packages = ["proxy"]
  revision = "f5079bd7f6f74e23c4d65efa0f4ce14cbd6a3c0f"

[solve-meta]
  analyzer-name = "dep"
  analyzer-version = 1
  inputs-digest = "f7b57262557dcbce690867a4fe3080ed0fc431f177e10c6226529c78a0c2f4e7"
  solver-name = "gps-cdcl"
  solver-version = 1
